// !$*UTF8*$!
{
	archiveVersion = 1;
	classes = {
	};
	objectVersion = 46;
	objects = {

/* Begin PBXBuildFile section */
		D17CD6421BD7815C0092B0C6 /* ThumbnailFetcher.swift in Sources */ = {isa = PBXBuildFile; fileRef = D17CD6411BD7815C0092B0C6 /* ThumbnailFetcher.swift */; settings = {ASSET_TAGS = (); }; };
		D1EECD2F1BD2565F002D21A6 /* video.mov in Resources */ = {isa = PBXBuildFile; fileRef = D1EECD2E1BD2565F002D21A6 /* video.mov */; settings = {ASSET_TAGS = (); }; };
		D4172E501BC6D10D0063F249 /* AppDelegate.swift in Sources */ = {isa = PBXBuildFile; fileRef = D4172E4F1BC6D10D0063F249 /* AppDelegate.swift */; };
		D4172E521BC6D10D0063F249 /* ViewController.swift in Sources */ = {isa = PBXBuildFile; fileRef = D4172E511BC6D10D0063F249 /* ViewController.swift */; };
		D4172E551BC6D10D0063F249 /* Main.storyboard in Resources */ = {isa = PBXBuildFile; fileRef = D4172E531BC6D10D0063F249 /* Main.storyboard */; };
		D4172E571BC6D10D0063F249 /* Assets.xcassets in Resources */ = {isa = PBXBuildFile; fileRef = D4172E561BC6D10D0063F249 /* Assets.xcassets */; };
		D4172E5A1BC6D10D0063F249 /* LaunchScreen.storyboard in Resources */ = {isa = PBXBuildFile; fileRef = D4172E581BC6D10D0063F249 /* LaunchScreen.storyboard */; };
		D4172E641BC6D1AC0063F249 /* AssetsPicker.swift in Sources */ = {isa = PBXBuildFile; fileRef = D4172E631BC6D1AC0063F249 /* AssetsPicker.swift */; };
		D4401EE31BC7EEF600F7AB1C /* BottomCell.swift in Sources */ = {isa = PBXBuildFile; fileRef = D4401EE21BC7EEF600F7AB1C /* BottomCell.swift */; };
		D4401EE51BC80A1300F7AB1C /* TopCell.swift in Sources */ = {isa = PBXBuildFile; fileRef = D4401EE41BC80A1300F7AB1C /* TopCell.swift */; };
		D4CAF4891BC98319006C8CAA /* CommonCell.swift in Sources */ = {isa = PBXBuildFile; fileRef = D4CAF4881BC98319006C8CAA /* CommonCell.swift */; };
		D4FFEE581BCA6B6D0012F310 /* UIColorHex.swift in Sources */ = {isa = PBXBuildFile; fileRef = D4FFEE571BCA6B6D0012F310 /* UIColorHex.swift */; };
		FED8E1B6248BC68FDBDE4145 /* Pods_VideoPicker.framework in Frameworks */ = {isa = PBXBuildFile; fileRef = A83D959A7630D98779B4CB0F /* Pods_VideoPicker.framework */; };
/* End PBXBuildFile section */

/* Begin PBXFileReference section */
		6A39F0CC3842FB7108DA8FDB /* Pods-VideoPicker.debug.xcconfig */ = {isa = PBXFileReference; includeInIndex = 1; lastKnownFileType = text.xcconfig; name = "Pods-VideoPicker.debug.xcconfig"; path = "Pods/Target Support Files/Pods-VideoPicker/Pods-VideoPicker.debug.xcconfig"; sourceTree = "<group>"; };
		A83D959A7630D98779B4CB0F /* Pods_VideoPicker.framework */ = {isa = PBXFileReference; explicitFileType = wrapper.framework; includeInIndex = 0; path = Pods_VideoPicker.framework; sourceTree = BUILT_PRODUCTS_DIR; };
		D17CD6411BD7815C0092B0C6 /* ThumbnailFetcher.swift */ = {isa = PBXFileReference; fileEncoding = 4; lastKnownFileType = sourcecode.swift; path = ThumbnailFetcher.swift; sourceTree = "<group>"; };
		D1EECD2E1BD2565F002D21A6 /* video.mov */ = {isa = PBXFileReference; lastKnownFileType = video.quicktime; path = video.mov; sourceTree = "<group>"; };
		D4172E4C1BC6D10D0063F249 /* VideoPicker.app */ = {isa = PBXFileReference; explicitFileType = wrapper.application; includeInIndex = 0; path = VideoPicker.app; sourceTree = BUILT_PRODUCTS_DIR; };
		D4172E4F1BC6D10D0063F249 /* AppDelegate.swift */ = {isa = PBXFileReference; lastKnownFileType = sourcecode.swift; path = AppDelegate.swift; sourceTree = "<group>"; };
		D4172E511BC6D10D0063F249 /* ViewController.swift */ = {isa = PBXFileReference; lastKnownFileType = sourcecode.swift; path = ViewController.swift; sourceTree = "<group>"; };
		D4172E541BC6D10D0063F249 /* Base */ = {isa = PBXFileReference; lastKnownFileType = file.storyboard; name = Base; path = Base.lproj/Main.storyboard; sourceTree = "<group>"; };
		D4172E561BC6D10D0063F249 /* Assets.xcassets */ = {isa = PBXFileReference; lastKnownFileType = folder.assetcatalog; path = Assets.xcassets; sourceTree = "<group>"; };
		D4172E591BC6D10D0063F249 /* Base */ = {isa = PBXFileReference; lastKnownFileType = file.storyboard; name = Base; path = Base.lproj/LaunchScreen.storyboard; sourceTree = "<group>"; };
		D4172E5B1BC6D10D0063F249 /* Info.plist */ = {isa = PBXFileReference; lastKnownFileType = text.plist.xml; path = Info.plist; sourceTree = "<group>"; };
		D4172E631BC6D1AC0063F249 /* AssetsPicker.swift */ = {isa = PBXFileReference; fileEncoding = 4; lastKnownFileType = sourcecode.swift; path = AssetsPicker.swift; sourceTree = "<group>"; };
		D4401EE21BC7EEF600F7AB1C /* BottomCell.swift */ = {isa = PBXFileReference; fileEncoding = 4; lastKnownFileType = sourcecode.swift; path = BottomCell.swift; sourceTree = "<group>"; };
		D4401EE41BC80A1300F7AB1C /* TopCell.swift */ = {isa = PBXFileReference; fileEncoding = 4; lastKnownFileType = sourcecode.swift; path = TopCell.swift; sourceTree = "<group>"; };
		D4CAF4881BC98319006C8CAA /* CommonCell.swift */ = {isa = PBXFileReference; fileEncoding = 4; lastKnownFileType = sourcecode.swift; path = CommonCell.swift; sourceTree = "<group>"; };
		D4FFEE571BCA6B6D0012F310 /* UIColorHex.swift */ = {isa = PBXFileReference; fileEncoding = 4; lastKnownFileType = sourcecode.swift; path = UIColorHex.swift; sourceTree = "<group>"; };
		FDBC410ACD185F7E88F46119 /* Pods-VideoPicker.release.xcconfig */ = {isa = PBXFileReference; includeInIndex = 1; lastKnownFileType = text.xcconfig; name = "Pods-VideoPicker.release.xcconfig"; path = "Pods/Target Support Files/Pods-VideoPicker/Pods-VideoPicker.release.xcconfig"; sourceTree = "<group>"; };
/* End PBXFileReference section */

/* Begin PBXFrameworksBuildPhase section */
		D4172E491BC6D10D0063F249 /* Frameworks */ = {
			isa = PBXFrameworksBuildPhase;
			buildActionMask = 2147483647;
			files = (
				FED8E1B6248BC68FDBDE4145 /* Pods_VideoPicker.framework in Frameworks */,
			);
			runOnlyForDeploymentPostprocessing = 0;
		};
/* End PBXFrameworksBuildPhase section */

/* Begin PBXGroup section */
		924CB21F263DE2CC6DB615E5 /* Pods */ = {
			isa = PBXGroup;
			children = (
				6A39F0CC3842FB7108DA8FDB /* Pods-VideoPicker.debug.xcconfig */,
				FDBC410ACD185F7E88F46119 /* Pods-VideoPicker.release.xcconfig */,
			);
			name = Pods;
			sourceTree = "<group>";
		};
		D4172E431BC6D10D0063F249 = {
			isa = PBXGroup;
			children = (
				D4172E4E1BC6D10D0063F249 /* VideoPicker */,
				D4172E4D1BC6D10D0063F249 /* Products */,
				924CB21F263DE2CC6DB615E5 /* Pods */,
				DC3200CD0797277A343EBD03 /* Frameworks */,
			);
			sourceTree = "<group>";
		};
		D4172E4D1BC6D10D0063F249 /* Products */ = {
			isa = PBXGroup;
			children = (
				D4172E4C1BC6D10D0063F249 /* VideoPicker.app */,
			);
			name = Products;
			sourceTree = "<group>";
		};
		D4172E4E1BC6D10D0063F249 /* VideoPicker */ = {
			isa = PBXGroup;
			children = (
				D4172E4F1BC6D10D0063F249 /* AppDelegate.swift */,
				D4172E511BC6D10D0063F249 /* ViewController.swift */,
				D4172E531BC6D10D0063F249 /* Main.storyboard */,
				D4172E561BC6D10D0063F249 /* Assets.xcassets */,
				D4172E581BC6D10D0063F249 /* LaunchScreen.storyboard */,
				D4172E5B1BC6D10D0063F249 /* Info.plist */,
				D4172E631BC6D1AC0063F249 /* AssetsPicker.swift */,
				D4CAF4881BC98319006C8CAA /* CommonCell.swift */,
				D4401EE21BC7EEF600F7AB1C /* BottomCell.swift */,
				D4401EE41BC80A1300F7AB1C /* TopCell.swift */,
				D4FFEE571BCA6B6D0012F310 /* UIColorHex.swift */,
				D1EECD2E1BD2565F002D21A6 /* video.mov */,
				D17CD6411BD7815C0092B0C6 /* ThumbnailFetcher.swift */,
			);
			path = VideoPicker;
			sourceTree = "<group>";
		};
		DC3200CD0797277A343EBD03 /* Frameworks */ = {
			isa = PBXGroup;
			children = (
				A83D959A7630D98779B4CB0F /* Pods_VideoPicker.framework */,
			);
			name = Frameworks;
			sourceTree = "<group>";
		};
/* End PBXGroup section */

/* Begin PBXNativeTarget section */
		D4172E4B1BC6D10D0063F249 /* VideoPicker */ = {
			isa = PBXNativeTarget;
			buildConfigurationList = D4172E5E1BC6D10D0063F249 /* Build configuration list for PBXNativeTarget "VideoPicker" */;
			buildPhases = (
				BD5918B3790C36115AC7264F /* Check Pods Manifest.lock */,
				D4172E481BC6D10D0063F249 /* Sources */,
				D4172E491BC6D10D0063F249 /* Frameworks */,
				D4172E4A1BC6D10D0063F249 /* Resources */,
				576E03C0FF5404E94A1B32B4 /* Embed Pods Frameworks */,
				0D0C76D6D7A4E0FCFD9AE6F2 /* Copy Pods Resources */,
			);
			buildRules = (
			);
			dependencies = (
			);
			name = VideoPicker;
			productName = VideoPicker;
			productReference = D4172E4C1BC6D10D0063F249 /* VideoPicker.app */;
			productType = "com.apple.product-type.application";
		};
/* End PBXNativeTarget section */

/* Begin PBXProject section */
		D4172E441BC6D10D0063F249 /* Project object */ = {
			isa = PBXProject;
			attributes = {
				LastSwiftMigration = 0710;
				LastSwiftUpdateCheck = 0710;
				LastUpgradeCheck = 0710;
				ORGANIZATIONNAME = "STAY REAL LIMITED";
				TargetAttributes = {
					D4172E4B1BC6D10D0063F249 = {
						CreatedOnToolsVersion = 7.1;
					};
				};
			};
			buildConfigurationList = D4172E471BC6D10D0063F249 /* Build configuration list for PBXProject "VideoPicker" */;
			compatibilityVersion = "Xcode 3.2";
			developmentRegion = English;
			hasScannedForEncodings = 0;
			knownRegions = (
				en,
				Base,
			);
			mainGroup = D4172E431BC6D10D0063F249;
			productRefGroup = D4172E4D1BC6D10D0063F249 /* Products */;
			projectDirPath = "";
			projectRoot = "";
			targets = (
				D4172E4B1BC6D10D0063F249 /* VideoPicker */,
			);
		};
/* End PBXProject section */

/* Begin PBXResourcesBuildPhase section */
		D4172E4A1BC6D10D0063F249 /* Resources */ = {
			isa = PBXResourcesBuildPhase;
			buildActionMask = 2147483647;
			files = (
				D1EECD2F1BD2565F002D21A6 /* video.mov in Resources */,
				D4172E5A1BC6D10D0063F249 /* LaunchScreen.storyboard in Resources */,
				D4172E571BC6D10D0063F249 /* Assets.xcassets in Resources */,
				D4172E551BC6D10D0063F249 /* Main.storyboard in Resources */,
			);
			runOnlyForDeploymentPostprocessing = 0;
		};
/* End PBXResourcesBuildPhase section */

/* Begin PBXShellScriptBuildPhase section */
		0D0C76D6D7A4E0FCFD9AE6F2 /* Copy Pods Resources */ = {
			isa = PBXShellScriptBuildPhase;
			buildActionMask = 2147483647;
			files = (
			);
			inputPaths = (
			);
			name = "Copy Pods Resources";
			outputPaths = (
			);
			runOnlyForDeploymentPostprocessing = 0;
			shellPath = /bin/sh;
			shellScript = "\"${SRCROOT}/Pods/Target Support Files/Pods-VideoPicker/Pods-VideoPicker-resources.sh\"\n";
			showEnvVarsInLog = 0;
		};
		576E03C0FF5404E94A1B32B4 /* Embed Pods Frameworks */ = {
			isa = PBXShellScriptBuildPhase;
			buildActionMask = 2147483647;
			files = (
			);
			inputPaths = (
			);
			name = "Embed Pods Frameworks";
			outputPaths = (
			);
			runOnlyForDeploymentPostprocessing = 0;
			shellPath = /bin/sh;
			shellScript = "\"${SRCROOT}/Pods/Target Support Files/Pods-VideoPicker/Pods-VideoPicker-frameworks.sh\"\n";
			showEnvVarsInLog = 0;
		};
		BD5918B3790C36115AC7264F /* Check Pods Manifest.lock */ = {
			isa = PBXShellScriptBuildPhase;
			buildActionMask = 2147483647;
			files = (
			);
			inputPaths = (
			);
			name = "Check Pods Manifest.lock";
			outputPaths = (
			);
			runOnlyForDeploymentPostprocessing = 0;
			shellPath = /bin/sh;
			shellScript = "diff \"${PODS_ROOT}/../Podfile.lock\" \"${PODS_ROOT}/Manifest.lock\" > /dev/null\nif [[ $? != 0 ]] ; then\n    cat << EOM\nerror: The sandbox is not in sync with the Podfile.lock. Run 'pod install' or update your CocoaPods installation.\nEOM\n    exit 1\nfi\n";
			showEnvVarsInLog = 0;
		};
/* End PBXShellScriptBuildPhase section */

/* Begin PBXSourcesBuildPhase section */
		D4172E481BC6D10D0063F249 /* Sources */ = {
			isa = PBXSourcesBuildPhase;
			buildActionMask = 2147483647;
			files = (
				D4FFEE581BCA6B6D0012F310 /* UIColorHex.swift in Sources */,
				D4401EE31BC7EEF600F7AB1C /* BottomCell.swift in Sources */,
				D4172E641BC6D1AC0063F249 /* AssetsPicker.swift in Sources */,
				D4CAF4891BC98319006C8CAA /* CommonCell.swift in Sources */,
				D4172E521BC6D10D0063F249 /* ViewController.swift in Sources */,
				D4401EE51BC80A1300F7AB1C /* TopCell.swift in Sources */,
				D17CD6421BD7815C0092B0C6 /* ThumbnailFetcher.swift in Sources */,
				D4172E501BC6D10D0063F249 /* AppDelegate.swift in Sources */,
			);
			runOnlyForDeploymentPostprocessing = 0;
		};
/* End PBXSourcesBuildPhase section */

/* Begin PBXVariantGroup section */
		D4172E531BC6D10D0063F249 /* Main.storyboard */ = {
			isa = PBXVariantGroup;
			children = (
				D4172E541BC6D10D0063F249 /* Base */,
			);
			name = Main.storyboard;
			sourceTree = "<group>";
		};
		D4172E581BC6D10D0063F249 /* LaunchScreen.storyboard */ = {
			isa = PBXVariantGroup;
			children = (
				D4172E591BC6D10D0063F249 /* Base */,
			);
			name = LaunchScreen.storyboard;
			sourceTree = "<group>";
		};
/* End PBXVariantGroup section */

/* Begin XCBuildConfiguration section */
		D4172E5C1BC6D10D0063F249 /* Debug */ = {
			isa = XCBuildConfiguration;
			buildSettings = {
				ALWAYS_SEARCH_USER_PATHS = NO;
				CLANG_CXX_LANGUAGE_STANDARD = "gnu++0x";
				CLANG_CXX_LIBRARY = "libc++";
				CLANG_ENABLE_MODULES = YES;
				CLANG_ENABLE_OBJC_ARC = YES;
				CLANG_WARN_BOOL_CONVERSION = YES;
				CLANG_WARN_CONSTANT_CONVERSION = YES;
				CLANG_WARN_DIRECT_OBJC_ISA_USAGE = YES_ERROR;
				CLANG_WARN_EMPTY_BODY = YES;
				CLANG_WARN_ENUM_CONVERSION = YES;
				CLANG_WARN_INT_CONVERSION = YES;
				CLANG_WARN_OBJC_ROOT_CLASS = YES_ERROR;
				CLANG_WARN_UNREACHABLE_CODE = YES;
				CLANG_WARN__DUPLICATE_METHOD_MATCH = YES;
				"CODE_SIGN_IDENTITY[sdk=iphoneos*]" = "iPhone Developer";
				COPY_PHASE_STRIP = NO;
				DEBUG_INFORMATION_FORMAT = dwarf;
				ENABLE_STRICT_OBJC_MSGSEND = YES;
				ENABLE_TESTABILITY = YES;
				GCC_C_LANGUAGE_STANDARD = gnu99;
				GCC_DYNAMIC_NO_PIC = NO;
				GCC_NO_COMMON_BLOCKS = YES;
				GCC_OPTIMIZATION_LEVEL = 0;
				GCC_PREPROCESSOR_DEFINITIONS = (
					"DEBUG=1",
					"$(inherited)",
				);
				GCC_WARN_64_TO_32_BIT_CONVERSION = YES;
				GCC_WARN_ABOUT_RETURN_TYPE = YES_ERROR;
				GCC_WARN_UNDECLARED_SELECTOR = YES;
				GCC_WARN_UNINITIALIZED_AUTOS = YES_AGGRESSIVE;
				GCC_WARN_UNUSED_FUNCTION = YES;
				GCC_WARN_UNUSED_VARIABLE = YES;
				IPHONEOS_DEPLOYMENT_TARGET = 8.3;
				MTL_ENABLE_DEBUG_INFO = YES;
				ONLY_ACTIVE_ARCH = YES;
				SDKROOT = iphoneos;
				SWIFT_OPTIMIZATION_LEVEL = "-Onone";
			};
			name = Debug;
		};
		D4172E5D1BC6D10D0063F249 /* Release */ = {
			isa = XCBuildConfiguration;
			buildSettings = {
				ALWAYS_SEARCH_USER_PATHS = NO;
				CLANG_CXX_LANGUAGE_STANDARD = "gnu++0x";
				CLANG_CXX_LIBRARY = "libc++";
				CLANG_ENABLE_MODULES = YES;
				CLANG_ENABLE_OBJC_ARC = YES;
				CLANG_WARN_BOOL_CONVERSION = YES;
				CLANG_WARN_CONSTANT_CONVERSION = YES;
				CLANG_WARN_DIRECT_OBJC_ISA_USAGE = YES_ERROR;
				CLANG_WARN_EMPTY_BODY = YES;
				CLANG_WARN_ENUM_CONVERSION = YES;
				CLANG_WARN_INT_CONVERSION = YES;
				CLANG_WARN_OBJC_ROOT_CLASS = YES_ERROR;
				CLANG_WARN_UNREACHABLE_CODE = YES;
				CLANG_WARN__DUPLICATE_METHOD_MATCH = YES;
				"CODE_SIGN_IDENTITY[sdk=iphoneos*]" = "iPhone Developer";
				COPY_PHASE_STRIP = NO;
				DEBUG_INFORMATION_FORMAT = "dwarf-with-dsym";
				ENABLE_NS_ASSERTIONS = NO;
				ENABLE_STRICT_OBJC_MSGSEND = YES;
				GCC_C_LANGUAGE_STANDARD = gnu99;
				GCC_NO_COMMON_BLOCKS = YES;
				GCC_WARN_64_TO_32_BIT_CONVERSION = YES;
				GCC_WARN_ABOUT_RETURN_TYPE = YES_ERROR;
				GCC_WARN_UNDECLARED_SELECTOR = YES;
				GCC_WARN_UNINITIALIZED_AUTOS = YES_AGGRESSIVE;
				GCC_WARN_UNUSED_FUNCTION = YES;
				GCC_WARN_UNUSED_VARIABLE = YES;
				IPHONEOS_DEPLOYMENT_TARGET = 8.3;
				MTL_ENABLE_DEBUG_INFO = NO;
				SDKROOT = iphoneos;
				VALIDATE_PRODUCT = YES;
			};
			name = Release;
		};
		D4172E5F1BC6D10D0063F249 /* Debug */ = {
			isa = XCBuildConfiguration;
			baseConfigurationReference = 6A39F0CC3842FB7108DA8FDB /* Pods-VideoPicker.debug.xcconfig */;
			buildSettings = {
				ASSETCATALOG_COMPILER_APPICON_NAME = AppIcon;
				INFOPLIST_FILE = VideoPicker/Info.plist;
				IPHONEOS_DEPLOYMENT_TARGET = 8.3;
				LD_RUNPATH_SEARCH_PATHS = "$(inherited) @executable_path/Frameworks";
				PRODUCT_BUNDLE_IDENTIFIER = com.voxx.quickcard;
				PRODUCT_NAME = "$(TARGET_NAME)";
			};
			name = Debug;
		};
		D4172E601BC6D10D0063F249 /* Release */ = {
			isa = XCBuildConfiguration;
			baseConfigurationReference = FDBC410ACD185F7E88F46119 /* Pods-VideoPicker.release.xcconfig */;
			buildSettings = {
				ASSETCATALOG_COMPILER_APPICON_NAME = AppIcon;
				INFOPLIST_FILE = VideoPicker/Info.plist;
				IPHONEOS_DEPLOYMENT_TARGET = 8.3;
				LD_RUNPATH_SEARCH_PATHS = "$(inherited) @executable_path/Frameworks";
				PRODUCT_BUNDLE_IDENTIFIER = com.voxx.quickcard;
				PRODUCT_NAME = "$(TARGET_NAME)";
			};
			name = Release;
		};
/* End XCBuildConfiguration section */

/* Begin XCConfigurationList section */
		D4172E471BC6D10D0063F249 /* Build configuration list for PBXProject "VideoPicker" */ = {
			isa = XCConfigurationList;
			buildConfigurations = (
				D4172E5C1BC6D10D0063F249 /* Debug */,
				D4172E5D1BC6D10D0063F249 /* Release */,
			);
			defaultConfigurationIsVisible = 0;
			defaultConfigurationName = Release;
		};
		D4172E5E1BC6D10D0063F249 /* Build configuration list for PBXNativeTarget "VideoPicker" */ = {
			isa = XCConfigurationList;
			buildConfigurations = (
				D4172E5F1BC6D10D0063F249 /* Debug */,
				D4172E601BC6D10D0063F249 /* Release */,
			);
			defaultConfigurationIsVisible = 0;
			defaultConfigurationName = Release;
		};
/* End XCConfigurationList section */
	};
	rootObject = D4172E441BC6D10D0063F249 /* Project object */;
}
